// !$*UTF8*$!
{
	archiveVersion = 1;
	classes = {
	};
	objectVersion = 50;
	objects = {

/* Begin PBXBuildFile section */
		584B0CBB26132CB80003229E /* AddBookView.swift in Sources */ = {isa = PBXBuildFile; fileRef = 584B0CBA26132CB80003229E /* AddBookView.swift */; };
		584B0CC02613529D0003229E /* RatingView.swift in Sources */ = {isa = PBXBuildFile; fileRef = 584B0CBF2613529D0003229E /* RatingView.swift */; };
		584B0CC5261355E70003229E /* EmojiRatingView.swift in Sources */ = {isa = PBXBuildFile; fileRef = 584B0CC4261355E70003229E /* EmojiRatingView.swift */; };
		584B0CCA261359650003229E /* DetailView.swift in Sources */ = {isa = PBXBuildFile; fileRef = 584B0CC9261359650003229E /* DetailView.swift */; };
		58F74264260B05AD000BF33B /* BookwormApp.swift in Sources */ = {isa = PBXBuildFile; fileRef = 58F74263260B05AD000BF33B /* BookwormApp.swift */; };
		58F74266260B05AD000BF33B /* ContentView.swift in Sources */ = {isa = PBXBuildFile; fileRef = 58F74265260B05AD000BF33B /* ContentView.swift */; };
		58F74268260B05AF000BF33B /* Assets.xcassets in Resources */ = {isa = PBXBuildFile; fileRef = 58F74267260B05AF000BF33B /* Assets.xcassets */; };
		58F7426B260B05AF000BF33B /* Preview Assets.xcassets in Resources */ = {isa = PBXBuildFile; fileRef = 58F7426A260B05AF000BF33B /* Preview Assets.xcassets */; };
		58F7426D260B05AF000BF33B /* Persistence.swift in Sources */ = {isa = PBXBuildFile; fileRef = 58F7426C260B05AF000BF33B /* Persistence.swift */; };
		58F74270260B05AF000BF33B /* Bookworm.xcdatamodeld in Sources */ = {isa = PBXBuildFile; fileRef = 58F7426E260B05AF000BF33B /* Bookworm.xcdatamodeld */; };
		58F7427B260B05B0000BF33B /* BookwormTests.swift in Sources */ = {isa = PBXBuildFile; fileRef = 58F7427A260B05B0000BF33B /* BookwormTests.swift */; };
		58F74286260B05B0000BF33B /* BookwormUITests.swift in Sources */ = {isa = PBXBuildFile; fileRef = 58F74285260B05B0000BF33B /* BookwormUITests.swift */; };
/* End PBXBuildFile section */

/* Begin PBXContainerItemProxy section */
		58F74277260B05B0000BF33B /* PBXContainerItemProxy */ = {
			isa = PBXContainerItemProxy;
			containerPortal = 58F74258260B05AC000BF33B /* Project object */;
			proxyType = 1;
			remoteGlobalIDString = 58F7425F260B05AD000BF33B;
			remoteInfo = Bookworm;
		};
		58F74282260B05B0000BF33B /* PBXContainerItemProxy */ = {
			isa = PBXContainerItemProxy;
			containerPortal = 58F74258260B05AC000BF33B /* Project object */;
			proxyType = 1;
			remoteGlobalIDString = 58F7425F260B05AD000BF33B;
			remoteInfo = Bookworm;
		};
/* End PBXContainerItemProxy section */

/* Begin PBXFileReference section */
		584B0CBA26132CB80003229E /* AddBookView.swift */ = {isa = PBXFileReference; lastKnownFileType = sourcecode.swift; path = AddBookView.swift; sourceTree = "<group>"; };
		584B0CBF2613529D0003229E /* RatingView.swift */ = {isa = PBXFileReference; lastKnownFileType = sourcecode.swift; path = RatingView.swift; sourceTree = "<group>"; };
		584B0CC4261355E70003229E /* EmojiRatingView.swift */ = {isa = PBXFileReference; lastKnownFileType = sourcecode.swift; path = EmojiRatingView.swift; sourceTree = "<group>"; };
		584B0CC9261359650003229E /* DetailView.swift */ = {isa = PBXFileReference; lastKnownFileType = sourcecode.swift; path = DetailView.swift; sourceTree = "<group>"; };
		58F74260260B05AD000BF33B /* Bookworm.app */ = {isa = PBXFileReference; explicitFileType = wrapper.application; includeInIndex = 0; path = Bookworm.app; sourceTree = BUILT_PRODUCTS_DIR; };
		58F74263260B05AD000BF33B /* BookwormApp.swift */ = {isa = PBXFileReference; lastKnownFileType = sourcecode.swift; path = BookwormApp.swift; sourceTree = "<group>"; };
		58F74265260B05AD000BF33B /* ContentView.swift */ = {isa = PBXFileReference; lastKnownFileType = sourcecode.swift; path = ContentView.swift; sourceTree = "<group>"; };
		58F74267260B05AF000BF33B /* Assets.xcassets */ = {isa = PBXFileReference; lastKnownFileType = folder.assetcatalog; path = Assets.xcassets; sourceTree = "<group>"; };
		58F7426A260B05AF000BF33B /* Preview Assets.xcassets */ = {isa = PBXFileReference; lastKnownFileType = folder.assetcatalog; path = "Preview Assets.xcassets"; sourceTree = "<group>"; };
		58F7426C260B05AF000BF33B /* Persistence.swift */ = {isa = PBXFileReference; lastKnownFileType = sourcecode.swift; path = Persistence.swift; sourceTree = "<group>"; };
		58F7426F260B05AF000BF33B /* Bookworm.xcdatamodel */ = {isa = PBXFileReference; lastKnownFileType = wrapper.xcdatamodel; path = Bookworm.xcdatamodel; sourceTree = "<group>"; };
		58F74271260B05AF000BF33B /* Info.plist */ = {isa = PBXFileReference; lastKnownFileType = text.plist.xml; path = Info.plist; sourceTree = "<group>"; };
		58F74276260B05B0000BF33B /* BookwormTests.xctest */ = {isa = PBXFileReference; explicitFileType = wrapper.cfbundle; includeInIndex = 0; path = BookwormTests.xctest; sourceTree = BUILT_PRODUCTS_DIR; };
		58F7427A260B05B0000BF33B /* BookwormTests.swift */ = {isa = PBXFileReference; lastKnownFileType = sourcecode.swift; path = BookwormTests.swift; sourceTree = "<group>"; };
		58F7427C260B05B0000BF33B /* Info.plist */ = {isa = PBXFileReference; lastKnownFileType = text.plist.xml; path = Info.plist; sourceTree = "<group>"; };
		58F74281260B05B0000BF33B /* BookwormUITests.xctest */ = {isa = PBXFileReference; explicitFileType = wrapper.cfbundle; includeInIndex = 0; path = BookwormUITests.xctest; sourceTree = BUILT_PRODUCTS_DIR; };
		58F74285260B05B0000BF33B /* BookwormUITests.swift */ = {isa = PBXFileReference; lastKnownFileType = sourcecode.swift; path = BookwormUITests.swift; sourceTree = "<group>"; };
		58F74287260B05B0000BF33B /* Info.plist */ = {isa = PBXFileReference; lastKnownFileType = text.plist.xml; path = Info.plist; sourceTree = "<group>"; };
/* End PBXFileReference section */

/* Begin PBXFrameworksBuildPhase section */
		58F7425D260B05AD000BF33B /* Frameworks */ = {
			isa = PBXFrameworksBuildPhase;
			buildActionMask = 2147483647;
			files = (
			);
			runOnlyForDeploymentPostprocessing = 0;
		};
		58F74273260B05B0000BF33B /* Frameworks */ = {
			isa = PBXFrameworksBuildPhase;
			buildActionMask = 2147483647;
			files = (
			);
			runOnlyForDeploymentPostprocessing = 0;
		};
		58F7427E260B05B0000BF33B /* Frameworks */ = {
			isa = PBXFrameworksBuildPhase;
			buildActionMask = 2147483647;
			files = (
			);
			runOnlyForDeploymentPostprocessing = 0;
		};
/* End PBXFrameworksBuildPhase section */

/* Begin PBXGroup section */
		58F74257260B05AC000BF33B = {
			isa = PBXGroup;
			children = (
				58F74262260B05AD000BF33B /* Bookworm */,
				58F74279260B05B0000BF33B /* BookwormTests */,
				58F74284260B05B0000BF33B /* BookwormUITests */,
				58F74261260B05AD000BF33B /* Products */,
			);
			sourceTree = "<group>";
		};
		58F74261260B05AD000BF33B /* Products */ = {
			isa = PBXGroup;
			children = (
				58F74260260B05AD000BF33B /* Bookworm.app */,
				58F74276260B05B0000BF33B /* BookwormTests.xctest */,
				58F74281260B05B0000BF33B /* BookwormUITests.xctest */,
			);
			name = Products;
			sourceTree = "<group>";
		};
		58F74262260B05AD000BF33B /* Bookworm */ = {
			isa = PBXGroup;
			children = (
				58F74263260B05AD000BF33B /* BookwormApp.swift */,
				58F74265260B05AD000BF33B /* ContentView.swift */,
				58F74267260B05AF000BF33B /* Assets.xcassets */,
				58F7426C260B05AF000BF33B /* Persistence.swift */,
				58F74271260B05AF000BF33B /* Info.plist */,
				58F7426E260B05AF000BF33B /* Bookworm.xcdatamodeld */,
				58F74269260B05AF000BF33B /* Preview Content */,
				584B0CBA26132CB80003229E /* AddBookView.swift */,
				584B0CBF2613529D0003229E /* RatingView.swift */,
				584B0CC4261355E70003229E /* EmojiRatingView.swift */,
				584B0CC9261359650003229E /* DetailView.swift */,
			);
			path = Bookworm;
			sourceTree = "<group>";
		};
		58F74269260B05AF000BF33B /* Preview Content */ = {
			isa = PBXGroup;
			children = (
				58F7426A260B05AF000BF33B /* Preview Assets.xcassets */,
			);
			path = "Preview Content";
			sourceTree = "<group>";
		};
		58F74279260B05B0000BF33B /* BookwormTests */ = {
			isa = PBXGroup;
			children = (
				58F7427A260B05B0000BF33B /* BookwormTests.swift */,
				58F7427C260B05B0000BF33B /* Info.plist */,
			);
			path = BookwormTests;
			sourceTree = "<group>";
		};
		58F74284260B05B0000BF33B /* BookwormUITests */ = {
			isa = PBXGroup;
			children = (
				58F74285260B05B0000BF33B /* BookwormUITests.swift */,
				58F74287260B05B0000BF33B /* Info.plist */,
			);
			path = BookwormUITests;
			sourceTree = "<group>";
		};
/* End PBXGroup section */

/* Begin PBXNativeTarget section */
		58F7425F260B05AD000BF33B /* Bookworm */ = {
			isa = PBXNativeTarget;
			buildConfigurationList = 58F7428A260B05B0000BF33B /* Build configuration list for PBXNativeTarget "Bookworm" */;
			buildPhases = (
				58F7425C260B05AD000BF33B /* Sources */,
				58F7425D260B05AD000BF33B /* Frameworks */,
				58F7425E260B05AD000BF33B /* Resources */,
			);
			buildRules = (
			);
			dependencies = (
			);
			name = Bookworm;
			productName = Bookworm;
			productReference = 58F74260260B05AD000BF33B /* Bookworm.app */;
			productType = "com.apple.product-type.application";
		};
		58F74275260B05B0000BF33B /* BookwormTests */ = {
			isa = PBXNativeTarget;
			buildConfigurationList = 58F7428D260B05B0000BF33B /* Build configuration list for PBXNativeTarget "BookwormTests" */;
			buildPhases = (
				58F74272260B05B0000BF33B /* Sources */,
				58F74273260B05B0000BF33B /* Frameworks */,
				58F74274260B05B0000BF33B /* Resources */,
			);
			buildRules = (
			);
			dependencies = (
				58F74278260B05B0000BF33B /* PBXTargetDependency */,
			);
			name = BookwormTests;
			productName = BookwormTests;
			productReference = 58F74276260B05B0000BF33B /* BookwormTests.xctest */;
			productType = "com.apple.product-type.bundle.unit-test";
		};
		58F74280260B05B0000BF33B /* BookwormUITests */ = {
			isa = PBXNativeTarget;
			buildConfigurationList = 58F74290260B05B0000BF33B /* Build configuration list for PBXNativeTarget "BookwormUITests" */;
			buildPhases = (
				58F7427D260B05B0000BF33B /* Sources */,
				58F7427E260B05B0000BF33B /* Frameworks */,
				58F7427F260B05B0000BF33B /* Resources */,
			);
			buildRules = (
			);
			dependencies = (
				58F74283260B05B0000BF33B /* PBXTargetDependency */,
			);
			name = BookwormUITests;
			productName = BookwormUITests;
			productReference = 58F74281260B05B0000BF33B /* BookwormUITests.xctest */;
			productType = "com.apple.product-type.bundle.ui-testing";
		};
/* End PBXNativeTarget section */

/* Begin PBXProject section */
		58F74258260B05AC000BF33B /* Project object */ = {
			isa = PBXProject;
			attributes = {
				LastSwiftUpdateCheck = 1240;
				LastUpgradeCheck = 1240;
				TargetAttributes = {
					58F7425F260B05AD000BF33B = {
						CreatedOnToolsVersion = 12.4;
					};
					58F74275260B05B0000BF33B = {
						CreatedOnToolsVersion = 12.4;
						TestTargetID = 58F7425F260B05AD000BF33B;
					};
					58F74280260B05B0000BF33B = {
						CreatedOnToolsVersion = 12.4;
						TestTargetID = 58F7425F260B05AD000BF33B;
					};
				};
			};
			buildConfigurationList = 58F7425B260B05AC000BF33B /* Build configuration list for PBXProject "Bookworm" */;
			compatibilityVersion = "Xcode 9.3";
			developmentRegion = en;
			hasScannedForEncodings = 0;
			knownRegions = (
				en,
				Base,
			);
			mainGroup = 58F74257260B05AC000BF33B;
			productRefGroup = 58F74261260B05AD000BF33B /* Products */;
			projectDirPath = "";
			projectRoot = "";
			targets = (
				58F7425F260B05AD000BF33B /* Bookworm */,
				58F74275260B05B0000BF33B /* BookwormTests */,
				58F74280260B05B0000BF33B /* BookwormUITests */,
			);
		};
/* End PBXProject section */

/* Begin PBXResourcesBuildPhase section */
		58F7425E260B05AD000BF33B /* Resources */ = {
			isa = PBXResourcesBuildPhase;
			buildActionMask = 2147483647;
			files = (
				58F7426B260B05AF000BF33B /* Preview Assets.xcassets in Resources */,
				58F74268260B05AF000BF33B /* Assets.xcassets in Resources */,
			);
			runOnlyForDeploymentPostprocessing = 0;
		};
		58F74274260B05B0000BF33B /* Resources */ = {
			isa = PBXResourcesBuildPhase;
			buildActionMask = 2147483647;
			files = (
			);
			runOnlyForDeploymentPostprocessing = 0;
		};
		58F7427F260B05B0000BF33B /* Resources */ = {
			isa = PBXResourcesBuildPhase;
			buildActionMask = 2147483647;
			files = (
			);
			runOnlyForDeploymentPostprocessing = 0;
		};
/* End PBXResourcesBuildPhase section */

/* Begin PBXSourcesBuildPhase section */
		58F7425C260B05AD000BF33B /* Sources */ = {
			isa = PBXSourcesBuildPhase;
			buildActionMask = 2147483647;
			files = (
				58F7426D260B05AF000BF33B /* Persistence.swift in Sources */,
				584B0CCA261359650003229E /* DetailView.swift in Sources */,
				58F74270260B05AF000BF33B /* Bookworm.xcdatamodeld in Sources */,
				584B0CC5261355E70003229E /* EmojiRatingView.swift in Sources */,
				58F74266260B05AD000BF33B /* ContentView.swift in Sources */,
				584B0CC02613529D0003229E /* RatingView.swift in Sources */,
				58F74264260B05AD000BF33B /* BookwormApp.swift in Sources */,
				584B0CBB26132CB80003229E /* AddBookView.swift in Sources */,
			);
			runOnlyForDeploymentPostprocessing = 0;
		};
		58F74272260B05B0000BF33B /* Sources */ = {
			isa = PBXSourcesBuildPhase;
			buildActionMask = 2147483647;
			files = (
				58F7427B260B05B0000BF33B /* BookwormTests.swift in Sources */,
			);
			runOnlyForDeploymentPostprocessing = 0;
		};
		58F7427D260B05B0000BF33B /* Sources */ = {
			isa = PBXSourcesBuildPhase;
			buildActionMask = 2147483647;
			files = (
				58F74286260B05B0000BF33B /* BookwormUITests.swift in Sources */,
			);
			runOnlyForDeploymentPostprocessing = 0;
		};
/* End PBXSourcesBuildPhase section */

/* Begin PBXTargetDependency section */
		58F74278260B05B0000BF33B /* PBXTargetDependency */ = {
			isa = PBXTargetDependency;
			target = 58F7425F260B05AD000BF33B /* Bookworm */;
			targetProxy = 58F74277260B05B0000BF33B /* PBXContainerItemProxy */;
		};
		58F74283260B05B0000BF33B /* PBXTargetDependency */ = {
			isa = PBXTargetDependency;
			target = 58F7425F260B05AD000BF33B /* Bookworm */;
			targetProxy = 58F74282260B05B0000BF33B /* PBXContainerItemProxy */;
		};
/* End PBXTargetDependency section */

/* Begin XCBuildConfiguration section */
		58F74288260B05B0000BF33B /* Debug */ = {
			isa = XCBuildConfiguration;
			buildSettings = {
				ALWAYS_SEARCH_USER_PATHS = NO;
				CLANG_ANALYZER_NONNULL = YES;
				CLANG_ANALYZER_NUMBER_OBJECT_CONVERSION = YES_AGGRESSIVE;
				CLANG_CXX_LANGUAGE_STANDARD = "gnu++14";
				CLANG_CXX_LIBRARY = "libc++";
				CLANG_ENABLE_MODULES = YES;
				CLANG_ENABLE_OBJC_ARC = YES;
				CLANG_ENABLE_OBJC_WEAK = YES;
				CLANG_WARN_BLOCK_CAPTURE_AUTORELEASING = YES;
				CLANG_WARN_BOOL_CONVERSION = YES;
				CLANG_WARN_COMMA = YES;
				CLANG_WARN_CONSTANT_CONVERSION = YES;
				CLANG_WARN_DEPRECATED_OBJC_IMPLEMENTATIONS = YES;
				CLANG_WARN_DIRECT_OBJC_ISA_USAGE = YES_ERROR;
				CLANG_WARN_DOCUMENTATION_COMMENTS = YES;
				CLANG_WARN_EMPTY_BODY = YES;
				CLANG_WARN_ENUM_CONVERSION = YES;
				CLANG_WARN_INFINITE_RECURSION = YES;
				CLANG_WARN_INT_CONVERSION = YES;
				CLANG_WARN_NON_LITERAL_NULL_CONVERSION = YES;
				CLANG_WARN_OBJC_IMPLICIT_RETAIN_SELF = YES;
				CLANG_WARN_OBJC_LITERAL_CONVERSION = YES;
				CLANG_WARN_OBJC_ROOT_CLASS = YES_ERROR;
				CLANG_WARN_QUOTED_INCLUDE_IN_FRAMEWORK_HEADER = YES;
				CLANG_WARN_RANGE_LOOP_ANALYSIS = YES;
				CLANG_WARN_STRICT_PROTOTYPES = YES;
				CLANG_WARN_SUSPICIOUS_MOVE = YES;
				CLANG_WARN_UNGUARDED_AVAILABILITY = YES_AGGRESSIVE;
				CLANG_WARN_UNREACHABLE_CODE = YES;
				CLANG_WARN__DUPLICATE_METHOD_MATCH = YES;
				COPY_PHASE_STRIP = NO;
				DEBUG_INFORMATION_FORMAT = dwarf;
				ENABLE_STRICT_OBJC_MSGSEND = YES;
				ENABLE_TESTABILITY = YES;
				GCC_C_LANGUAGE_STANDARD = gnu11;
				GCC_DYNAMIC_NO_PIC = NO;
				GCC_NO_COMMON_BLOCKS = YES;
				GCC_OPTIMIZATION_LEVEL = 0;
				GCC_PREPROCESSOR_DEFINITIONS = (
					"DEBUG=1",
					"$(inherited)",
				);
				GCC_WARN_64_TO_32_BIT_CONVERSION = YES;
				GCC_WARN_ABOUT_RETURN_TYPE = YES_ERROR;
				GCC_WARN_UNDECLARED_SELECTOR = YES;
				GCC_WARN_UNINITIALIZED_AUTOS = YES_AGGRESSIVE;
				GCC_WARN_UNUSED_FUNCTION = YES;
				GCC_WARN_UNUSED_VARIABLE = YES;
				IPHONEOS_DEPLOYMENT_TARGET = 14.4;
				MTL_ENABLE_DEBUG_INFO = INCLUDE_SOURCE;
				MTL_FAST_MATH = YES;
				ONLY_ACTIVE_ARCH = YES;
				SDKROOT = iphoneos;
				SWIFT_ACTIVE_COMPILATION_CONDITIONS = DEBUG;
				SWIFT_OPTIMIZATION_LEVEL = "-Onone";
			};
			name = Debug;
		};
		58F74289260B05B0000BF33B /* Release */ = {
			isa = XCBuildConfiguration;
			buildSettings = {
				ALWAYS_SEARCH_USER_PATHS = NO;
				CLANG_ANALYZER_NONNULL = YES;
				CLANG_ANALYZER_NUMBER_OBJECT_CONVERSION = YES_AGGRESSIVE;
				CLANG_CXX_LANGUAGE_STANDARD = "gnu++14";
				CLANG_CXX_LIBRARY = "libc++";
				CLANG_ENABLE_MODULES = YES;
				CLANG_ENABLE_OBJC_ARC = YES;
				CLANG_ENABLE_OBJC_WEAK = YES;
				CLANG_WARN_BLOCK_CAPTURE_AUTORELEASING = YES;
				CLANG_WARN_BOOL_CONVERSION = YES;
				CLANG_WARN_COMMA = YES;
				CLANG_WARN_CONSTANT_CONVERSION = YES;
				CLANG_WARN_DEPRECATED_OBJC_IMPLEMENTATIONS = YES;
				CLANG_WARN_DIRECT_OBJC_ISA_USAGE = YES_ERROR;
				CLANG_WARN_DOCUMENTATION_COMMENTS = YES;
				CLANG_WARN_EMPTY_BODY = YES;
				CLANG_WARN_ENUM_CONVERSION = YES;
				CLANG_WARN_INFINITE_RECURSION = YES;
				CLANG_WARN_INT_CONVERSION = YES;
				CLANG_WARN_NON_LITERAL_NULL_CONVERSION = YES;
				CLANG_WARN_OBJC_IMPLICIT_RETAIN_SELF = YES;
				CLANG_WARN_OBJC_LITERAL_CONVERSION = YES;
				CLANG_WARN_OBJC_ROOT_CLASS = YES_ERROR;
				CLANG_WARN_QUOTED_INCLUDE_IN_FRAMEWORK_HEADER = YES;
				CLANG_WARN_RANGE_LOOP_ANALYSIS = YES;
				CLANG_WARN_STRICT_PROTOTYPES = YES;
				CLANG_WARN_SUSPICIOUS_MOVE = YES;
				CLANG_WARN_UNGUARDED_AVAILABILITY = YES_AGGRESSIVE;
				CLANG_WARN_UNREACHABLE_CODE = YES;
				CLANG_WARN__DUPLICATE_METHOD_MATCH = YES;
				COPY_PHASE_STRIP = NO;
				DEBUG_INFORMATION_FORMAT = "dwarf-with-dsym";
				ENABLE_NS_ASSERTIONS = NO;
				ENABLE_STRICT_OBJC_MSGSEND = YES;
				GCC_C_LANGUAGE_STANDARD = gnu11;
				GCC_NO_COMMON_BLOCKS = YES;
				GCC_WARN_64_TO_32_BIT_CONVERSION = YES;
				GCC_WARN_ABOUT_RETURN_TYPE = YES_ERROR;
				GCC_WARN_UNDECLARED_SELECTOR = YES;
				GCC_WARN_UNINITIALIZED_AUTOS = YES_AGGRESSIVE;
				GCC_WARN_UNUSED_FUNCTION = YES;
				GCC_WARN_UNUSED_VARIABLE = YES;
				IPHONEOS_DEPLOYMENT_TARGET = 14.4;
				MTL_ENABLE_DEBUG_INFO = NO;
				MTL_FAST_MATH = YES;
				SDKROOT = iphoneos;
				SWIFT_COMPILATION_MODE = wholemodule;
				SWIFT_OPTIMIZATION_LEVEL = "-O";
				VALIDATE_PRODUCT = YES;
			};
			name = Release;
		};
		58F7428B260B05B0000BF33B /* Debug */ = {
			isa = XCBuildConfiguration;
			buildSettings = {
				ASSETCATALOG_COMPILER_APPICON_NAME = AppIcon;
				ASSETCATALOG_COMPILER_GLOBAL_ACCENT_COLOR_NAME = AccentColor;
				CODE_SIGN_STYLE = Automatic;
				DEVELOPMENT_ASSET_PATHS = "\"Bookworm/Preview Content\"";
				DEVELOPMENT_TEAM = 7XXMGS9YY3;
				ENABLE_PREVIEWS = YES;
				INFOPLIST_FILE = Bookworm/Info.plist;
				IPHONEOS_DEPLOYMENT_TARGET = 14.0;
				LD_RUNPATH_SEARCH_PATHS = (
					"$(inherited)",
					"@executable_path/Frameworks",
				);
				PRODUCT_BUNDLE_IDENTIFIER = com.adarshurs.swiftui.Bookworm;
				PRODUCT_NAME = "$(TARGET_NAME)";
				SWIFT_VERSION = 5.0;
				TARGETED_DEVICE_FAMILY = "1,2";
			};
			name = Debug;
		};
		58F7428C260B05B0000BF33B /* Release */ = {
			isa = XCBuildConfiguration;
			buildSettings = {
				ASSETCATALOG_COMPILER_APPICON_NAME = AppIcon;
				ASSETCATALOG_COMPILER_GLOBAL_ACCENT_COLOR_NAME = AccentColor;
				CODE_SIGN_STYLE = Automatic;
				DEVELOPMENT_ASSET_PATHS = "\"Bookworm/Preview Content\"";
				DEVELOPMENT_TEAM = 7XXMGS9YY3;
				ENABLE_PREVIEWS = YES;
				INFOPLIST_FILE = Bookworm/Info.plist;
				IPHONEOS_DEPLOYMENT_TARGET = 14.0;
				LD_RUNPATH_SEARCH_PATHS = (
					"$(inherited)",
					"@executable_path/Frameworks",
				);
				PRODUCT_BUNDLE_IDENTIFIER = com.adarshurs.swiftui.Bookworm;
				PRODUCT_NAME = "$(TARGET_NAME)";
				SWIFT_VERSION = 5.0;
				TARGETED_DEVICE_FAMILY = "1,2";
			};
			name = Release;
		};
		58F7428E260B05B0000BF33B /* Debug */ = {
			isa = XCBuildConfiguration;
			buildSettings = {
				ALWAYS_EMBED_SWIFT_STANDARD_LIBRARIES = YES;
				BUNDLE_LOADER = "$(TEST_HOST)";
				CODE_SIGN_STYLE = Automatic;
				DEVELOPMENT_TEAM = 7XXMGS9YY3;
				INFOPLIST_FILE = BookwormTests/Info.plist;
				IPHONEOS_DEPLOYMENT_TARGET = 14.0;
				LD_RUNPATH_SEARCH_PATHS = (
					"$(inherited)",
					"@executable_path/Frameworks",
					"@loader_path/Frameworks",
				);
				PRODUCT_BUNDLE_IDENTIFIER = com.adarshurs.swiftui.BookwormTests;
				PRODUCT_NAME = "$(TARGET_NAME)";
				SWIFT_VERSION = 5.0;
				TARGETED_DEVICE_FAMILY = "1,2";
				TEST_HOST = "$(BUILT_PRODUCTS_DIR)/Bookworm.app/Bookworm";
			};
			name = Debug;
		};
		58F7428F260B05B0000BF33B /* Release */ = {
			isa = XCBuildConfiguration;
			buildSettings = {
				ALWAYS_EMBED_SWIFT_STANDARD_LIBRARIES = YES;
				BUNDLE_LOADER = "$(TEST_HOST)";
				CODE_SIGN_STYLE = Automatic;
				DEVELOPMENT_TEAM = 7XXMGS9YY3;
				INFOPLIST_FILE = BookwormTests/Info.plist;
				IPHONEOS_DEPLOYMENT_TARGET = 14.0;
				LD_RUNPATH_SEARCH_PATHS = (
					"$(inherited)",
					"@executable_path/Frameworks",
					"@loader_path/Frameworks",
				);
				PRODUCT_BUNDLE_IDENTIFIER = com.adarshurs.swiftui.BookwormTests;
				PRODUCT_NAME = "$(TARGET_NAME)";
				SWIFT_VERSION = 5.0;
				TARGETED_DEVICE_FAMILY = "1,2";
				TEST_HOST = "$(BUILT_PRODUCTS_DIR)/Bookworm.app/Bookworm";
			};
			name = Release;
		};
		58F74291260B05B0000BF33B /* Debug */ = {
			isa = XCBuildConfiguration;
			buildSettings = {
				ALWAYS_EMBED_SWIFT_STANDARD_LIBRARIES = YES;
				CODE_SIGN_STYLE = Automatic;
				DEVELOPMENT_TEAM = 7XXMGS9YY3;
				INFOPLIST_FILE = BookwormUITests/Info.plist;
				LD_RUNPATH_SEARCH_PATHS = (
					"$(inherited)",
					"@executable_path/Frameworks",
					"@loader_path/Frameworks",
				);
				PRODUCT_BUNDLE_IDENTIFIER = com.adarshurs.swiftui.BookwormUITests;
				PRODUCT_NAME = "$(TARGET_NAME)";
				SWIFT_VERSION = 5.0;
				TARGETED_DEVICE_FAMILY = "1,2";
				TEST_TARGET_NAME = Bookworm;
			};
			name = Debug;
		};
		58F74292260B05B0000BF33B /* Release */ = {
			isa = XCBuildConfiguration;
			buildSettings = {
				ALWAYS_EMBED_SWIFT_STANDARD_LIBRARIES = YES;
				CODE_SIGN_STYLE = Automatic;
				DEVELOPMENT_TEAM = 7XXMGS9YY3;
				INFOPLIST_FILE = BookwormUITests/Info.plist;
				LD_RUNPATH_SEARCH_PATHS = (
					"$(inherited)",
					"@executable_path/Frameworks",
					"@loader_path/Frameworks",
				);
				PRODUCT_BUNDLE_IDENTIFIER = com.adarshurs.swiftui.BookwormUITests;
				PRODUCT_NAME = "$(TARGET_NAME)";
				SWIFT_VERSION = 5.0;
				TARGETED_DEVICE_FAMILY = "1,2";
				TEST_TARGET_NAME = Bookworm;
			};
			name = Release;
		};
/* End XCBuildConfiguration section */

/* Begin XCConfigurationList section */
		58F7425B260B05AC000BF33B /* Build configuration list for PBXProject "Bookworm" */ = {
			isa = XCConfigurationList;
			buildConfigurations = (
				58F74288260B05B0000BF33B /* Debug */,
				58F74289260B05B0000BF33B /* Release */,
			);
			defaultConfigurationIsVisible = 0;
			defaultConfigurationName = Release;
		};
		58F7428A260B05B0000BF33B /* Build configuration list for PBXNativeTarget "Bookworm" */ = {
			isa = XCConfigurationList;
			buildConfigurations = (
				58F7428B260B05B0000BF33B /* Debug */,
				58F7428C260B05B0000BF33B /* Release */,
			);
			defaultConfigurationIsVisible = 0;
			defaultConfigurationName = Release;
		};
		58F7428D260B05B0000BF33B /* Build configuration list for PBXNativeTarget "BookwormTests" */ = {
			isa = XCConfigurationList;
			buildConfigurations = (
				58F7428E260B05B0000BF33B /* Debug */,
				58F7428F260B05B0000BF33B /* Release */,
			);
			defaultConfigurationIsVisible = 0;
			defaultConfigurationName = Release;
		};
		58F74290260B05B0000BF33B /* Build configuration list for PBXNativeTarget "BookwormUITests" */ = {
			isa = XCConfigurationList;
			buildConfigurations = (
				58F74291260B05B0000BF33B /* Debug */,
				58F74292260B05B0000BF33B /* Release */,
			);
			defaultConfigurationIsVisible = 0;
			defaultConfigurationName = Release;
		};
/* End XCConfigurationList section */

/* Begin XCVersionGroup section */
		58F7426E260B05AF000BF33B /* Bookworm.xcdatamodeld */ = {
			isa = XCVersionGroup;
			children = (
				58F7426F260B05AF000BF33B /* Bookworm.xcdatamodel */,
			);
			currentVersion = 58F7426F260B05AF000BF33B /* Bookworm.xcdatamodel */;
			path = Bookworm.xcdatamodeld;
			sourceTree = "<group>";
			versionGroupType = wrapper.xcdatamodel;
		};
/* End XCVersionGroup section */
	};
	rootObject = 58F74258260B05AC000BF33B /* Project object */;
}
